[[package]]
name = "arrow"
version = "1.2.3"
description = "Better dates & times for Python"
category = "main"
optional = false
python-versions = ">=3.6"

[package.dependencies]
python-dateutil = ">=2.7.0"

[[package]]
name = "atomicwrites"
version = "1.4.1"
description = "Atomic file writes."
category = "dev"
optional = false
python-versions = ">=2.7, !=3.0.*, !=3.1.*, !=3.2.*, !=3.3.*"

[[package]]
name = "attrs"
version = "22.1.0"
description = "Classes Without Boilerplate"
category = "dev"
optional = false
python-versions = ">=3.5"

[package.extras]
dev = ["cloudpickle", "coverage[toml] (>=5.0.2)", "furo", "hypothesis", "mypy (>=0.900,!=0.940)", "pre-commit", "pympler", "pytest (>=4.3.0)", "pytest-mypy-plugins", "sphinx", "sphinx-notfound-page", "zope.interface"]
docs = ["furo", "sphinx", "sphinx-notfound-page", "zope.interface"]
tests = ["cloudpickle", "coverage[toml] (>=5.0.2)", "hypothesis", "mypy (>=0.900,!=0.940)", "pympler", "pytest (>=4.3.0)", "pytest-mypy-plugins", "zope.interface"]
tests_no_zope = ["cloudpickle", "coverage[toml] (>=5.0.2)", "hypothesis", "mypy (>=0.900,!=0.940)", "pympler", "pytest (>=4.3.0)", "pytest-mypy-plugins"]

[[package]]
name = "binaryornot"
version = "0.4.4"
description = "Ultra-lightweight pure Python package to check if a file is binary or text."
category = "main"
optional = false
python-versions = "*"

[package.dependencies]
chardet = ">=3.0.2"

[[package]]
name = "certifi"
version = "2022.9.24"
description = "Python package for providing Mozilla's CA Bundle."
category = "main"
optional = false
python-versions = ">=3.6"

[[package]]
name = "cfgv"
version = "3.3.1"
description = "Validate configuration and produce human readable error messages."
category = "main"
optional = false
python-versions = ">=3.6.1"

[[package]]
name = "chardet"
version = "5.0.0"
description = "Universal encoding detector for Python 3"
category = "main"
optional = false
python-versions = ">=3.6"

[[package]]
name = "charset-normalizer"
version = "2.1.1"
description = "The Real First Universal Charset Detector. Open, modern and actively maintained alternative to Chardet."
category = "main"
optional = false
python-versions = ">=3.6.0"

[package.extras]
unicode_backport = ["unicodedata2"]

[[package]]
name = "click"
version = "8.1.3"
description = "Composable command line interface toolkit"
category = "main"
optional = false
python-versions = ">=3.7"

[package.dependencies]
colorama = {version = "*", markers = "platform_system == \"Windows\""}

[[package]]
name = "colorama"
version = "0.4.5"
description = "Cross-platform colored terminal text."
category = "main"
optional = false
python-versions = ">=2.7, !=3.0.*, !=3.1.*, !=3.2.*, !=3.3.*, !=3.4.*"

[[package]]
name = "cookiecutter"
version = "1.7.3"
description = "A command-line utility that creates projects from project templates, e.g. creating a Python package project from a Python package project template."
category = "main"
optional = false
python-versions = ">=2.7, !=3.0.*, !=3.1.*, !=3.2.*, !=3.3.*, !=3.4.*"

[package.dependencies]
binaryornot = ">=0.4.4"
click = ">=7.0"
Jinja2 = ">=2.7,<4.0.0"
jinja2-time = ">=0.2.0"
poyo = ">=0.5.0"
python-slugify = ">=4.0.0"
requests = ">=2.23.0"
six = ">=1.10"

[[package]]
name = "distlib"
version = "0.3.6"
description = "Distribution utilities"
category = "main"
optional = false
python-versions = "*"

[[package]]
name = "execnet"
version = "1.9.0"
description = "execnet: rapid multi-Python deployment"
category = "dev"
optional = false
python-versions = ">=2.7, !=3.0.*, !=3.1.*, !=3.2.*, !=3.3.*, !=3.4.*"

[package.extras]
testing = ["pre-commit"]

[[package]]
name = "Faker"
version = "8.16.0"
description = "Faker is a Python package that generates fake data for you."
category = "dev"
optional = false
python-versions = ">=3.6"

[package.dependencies]
python-dateutil = ">=2.4"
text-unidecode = "1.3"

[[package]]
name = "filelock"
version = "3.8.0"
description = "A platform independent file lock."
category = "main"
optional = false
python-versions = ">=3.7"

[package.extras]
docs = ["furo (>=2022.6.21)", "sphinx (>=5.1.1)", "sphinx-autodoc-typehints (>=1.19.1)"]
testing = ["covdefaults (>=2.2)", "coverage (>=6.4.2)", "pytest (>=7.1.2)", "pytest-cov (>=3)", "pytest-timeout (>=2.1)"]

[[package]]
name = "identify"
version = "2.5.5"
description = "File identification library for Python"
category = "main"
optional = false
python-versions = ">=3.7"

[package.extras]
license = ["ukkonen"]

[[package]]
name = "idna"
version = "3.4"
description = "Internationalized Domain Names in Applications (IDNA)"
category = "main"
optional = false
python-versions = ">=3.5"

[[package]]
name = "iniconfig"
version = "1.1.1"
description = "iniconfig: brain-dead simple config-ini parsing"
category = "dev"
optional = false
python-versions = "*"

[[package]]
name = "Jinja2"
version = "3.1.2"
description = "A very fast and expressive template engine."
category = "main"
optional = false
python-versions = ">=3.7"

[package.dependencies]
MarkupSafe = ">=2.0"

[package.extras]
i18n = ["Babel (>=2.7)"]

[[package]]
name = "jinja2-time"
version = "0.2.0"
description = "Jinja2 Extension for Dates and Times"
category = "main"
optional = false
python-versions = "*"

[package.dependencies]
arrow = "*"
jinja2 = "*"

[[package]]
name = "MarkupSafe"
version = "2.1.1"
description = "Safely add untrusted strings to HTML/XML markup."
category = "main"
optional = false
python-versions = ">=3.7"

[[package]]
name = "nodeenv"
version = "1.7.0"
description = "Node.js virtual environment builder"
category = "main"
optional = false
python-versions = ">=2.7,!=3.0.*,!=3.1.*,!=3.2.*,!=3.3.*,!=3.4.*,!=3.5.*,!=3.6.*"

[package.dependencies]
setuptools = "*"

[[package]]
name = "packaging"
version = "21.3"
description = "Core utilities for Python packages"
category = "dev"
optional = false
python-versions = ">=3.6"

[package.dependencies]
pyparsing = ">=2.0.2,<3.0.5 || >3.0.5"

[[package]]
name = "platformdirs"
version = "2.5.2"
description = "A small Python module for determining appropriate platform-specific dirs, e.g. a \"user data dir\"."
category = "main"
optional = false
python-versions = ">=3.7"

[package.extras]
docs = ["furo (>=2021.7.5b38)", "proselint (>=0.10.2)", "sphinx (>=4)", "sphinx-autodoc-typehints (>=1.12)"]
test = ["appdirs (==1.4.4)", "pytest (>=6)", "pytest-cov (>=2.7)", "pytest-mock (>=3.6)"]

[[package]]
name = "pluggy"
version = "1.0.0"
description = "plugin and hook calling mechanisms for python"
category = "dev"
optional = false
python-versions = ">=3.6"

[package.extras]
dev = ["pre-commit", "tox"]
testing = ["pytest", "pytest-benchmark"]

[[package]]
name = "poyo"
version = "0.5.0"
description = "A lightweight YAML Parser for Python. 🐓"
category = "main"
optional = false
python-versions = ">=2.7, !=3.0.*, !=3.1.*, !=3.2.*, !=3.3.*"

[[package]]
name = "pre-commit"
version = "2.20.0"
description = "A framework for managing and maintaining multi-language pre-commit hooks."
category = "main"
optional = false
python-versions = ">=3.7"

[package.dependencies]
cfgv = ">=2.0.0"
identify = ">=1.0.0"
nodeenv = ">=0.11.1"
pyyaml = ">=5.1"
toml = "*"
virtualenv = ">=20.0.8"

[[package]]
name = "prompt-toolkit"
version = "3.0.31"
description = "Library for building powerful interactive command lines in Python"
category = "main"
optional = false
python-versions = ">=3.6.2"

[package.dependencies]
wcwidth = "*"

[[package]]
name = "psutil"
version = "5.9.2"
description = "Cross-platform lib for process and system monitoring in Python."
category = "dev"
optional = false
python-versions = ">=2.7, !=3.0.*, !=3.1.*, !=3.2.*, !=3.3.*"

[package.extras]
test = ["enum34", "ipaddress", "mock", "pywin32", "wmi"]

[[package]]
name = "py"
version = "1.11.0"
description = "library with cross-python path, ini-parsing, io, code, log facilities"
category = "dev"
optional = false
python-versions = ">=2.7, !=3.0.*, !=3.1.*, !=3.2.*, !=3.3.*, !=3.4.*"

[[package]]
name = "pydantic"
version = "1.10.2"
description = "Data validation and settings management using python type hints"
category = "main"
optional = false
python-versions = ">=3.7"

[package.dependencies]
typing-extensions = ">=4.1.0"

[package.extras]
dotenv = ["python-dotenv (>=0.10.4)"]
email = ["email-validator (>=1.0.3)"]

[[package]]
name = "pyparsing"
version = "3.0.9"
description = "pyparsing module - Classes and methods to define and execute parsing grammars"
category = "dev"
optional = false
python-versions = ">=3.6.8"

[package.extras]
diagrams = ["jinja2", "railroad-diagrams"]

[[package]]
name = "pytest"
version = "6.2.5"
description = "pytest: simple powerful testing with Python"
category = "dev"
optional = false
python-versions = ">=3.6"

[package.dependencies]
atomicwrites = {version = ">=1.0", markers = "sys_platform == \"win32\""}
attrs = ">=19.2.0"
colorama = {version = "*", markers = "sys_platform == \"win32\""}
iniconfig = "*"
packaging = "*"
pluggy = ">=0.12,<2.0"
py = ">=1.8.2"
toml = "*"

[package.extras]
testing = ["argcomplete", "hypothesis (>=3.56)", "mock", "nose", "requests", "xmlschema"]

[[package]]
name = "pytest-env"
version = "0.6.2"
description = "py.test plugin that allows you to add environment variables."
category = "dev"
optional = false
python-versions = "*"

[package.dependencies]
pytest = ">=2.6.0"

[[package]]
name = "pytest-forked"
version = "1.4.0"
description = "run tests in isolated forked subprocesses"
category = "dev"
optional = false
python-versions = ">=3.6"

[package.dependencies]
py = "*"
pytest = ">=3.10"

[[package]]
name = "pytest-xdist"
version = "2.5.0"
description = "pytest xdist plugin for distributed testing and loop-on-failing modes"
category = "dev"
optional = false
python-versions = ">=3.6"

[package.dependencies]
execnet = ">=1.1"
psutil = {version = ">=3.0", optional = true, markers = "extra == \"psutil\""}
pytest = ">=6.2.0"
pytest-forked = "*"

[package.extras]
psutil = ["psutil (>=3.0)"]
setproctitle = ["setproctitle"]
testing = ["filelock"]

[[package]]
name = "python-dateutil"
version = "2.8.2"
description = "Extensions to the standard Python datetime module"
category = "main"
optional = false
python-versions = "!=3.0.*,!=3.1.*,!=3.2.*,>=2.7"

[package.dependencies]
six = ">=1.5"

[[package]]
name = "python-slugify"
version = "6.1.2"
description = "A Python slugify application that also handles Unicode"
category = "main"
optional = false
python-versions = ">=2.7, !=3.0.*, !=3.1.*, !=3.2.*, !=3.3.*, !=3.4.*, !=3.5.*"

[package.dependencies]
text-unidecode = ">=1.3"

[package.extras]
unidecode = ["Unidecode (>=1.1.1)"]

[[package]]
name = "PyYAML"
version = "6.0"
description = "YAML parser and emitter for Python"
category = "main"
optional = false
python-versions = ">=3.6"

[[package]]
name = "requests"
version = "2.28.1"
description = "Python HTTP for Humans."
category = "main"
optional = false
python-versions = ">=3.7, <4"

[package.dependencies]
certifi = ">=2017.4.17"
charset-normalizer = ">=2,<3"
idna = ">=2.5,<4"
urllib3 = ">=1.21.1,<1.27"

[package.extras]
socks = ["PySocks (>=1.5.6,!=1.5.7)"]
use_chardet_on_py3 = ["chardet (>=3.0.2,<6)"]

[[package]]
name = "setuptools"
version = "65.4.1"
description = "Easily download, build, install, upgrade, and uninstall Python packages"
category = "main"
optional = false
python-versions = ">=3.7"

[package.extras]
docs = ["furo", "jaraco.packaging (>=9)", "jaraco.tidelift (>=1.4)", "pygments-github-lexers (==0.0.5)", "rst.linker (>=1.9)", "sphinx (>=3.5)", "sphinx-favicon", "sphinx-hoverxref (<2)", "sphinx-inline-tabs", "sphinx-notfound-page (==0.8.3)", "sphinx-reredirects", "sphinxcontrib-towncrier"]
testing = ["build[virtualenv]", "filelock (>=3.4.0)", "flake8 (<5)", "flake8-2020", "ini2toml[lite] (>=0.9)", "jaraco.envs (>=2.2)", "jaraco.path (>=3.2.0)", "mock", "pip (>=19.1)", "pip-run (>=8.8)", "pytest (>=6)", "pytest-black (>=0.3.7)", "pytest-checkdocs (>=2.4)", "pytest-cov", "pytest-enabler (>=1.3)", "pytest-flake8", "pytest-mypy (>=0.9.1)", "pytest-perf", "pytest-xdist", "tomli-w (>=1.0.0)", "virtualenv (>=13.0.0)", "wheel"]
testing-integration = ["build[virtualenv]", "filelock (>=3.4.0)", "jaraco.envs (>=2.2)", "jaraco.path (>=3.2.0)", "pytest", "pytest-enabler", "pytest-xdist", "tomli", "virtualenv (>=13.0.0)", "wheel"]

[[package]]
name = "six"
version = "1.16.0"
description = "Python 2 and 3 compatibility utilities"
category = "main"
optional = false
python-versions = ">=2.7, !=3.0.*, !=3.1.*, !=3.2.*"

[[package]]
name = "termcolor"
version = "1.1.0"
description = "ANSII Color formatting for output in terminal."
category = "main"
optional = false
python-versions = "*"

[[package]]
name = "text-unidecode"
version = "1.3"
description = "The most basic Text::Unidecode port"
category = "main"
optional = false
python-versions = "*"

[[package]]
name = "toml"
version = "0.10.2"
description = "Python Library for Tom's Obvious, Minimal Language"
category = "main"
optional = false
python-versions = ">=2.6, !=3.0.*, !=3.1.*, !=3.2.*"

[[package]]
name = "typing-extensions"
version = "4.3.0"
description = "Backported and Experimental Type Hints for Python 3.7+"
category = "main"
optional = false
python-versions = ">=3.7"

[[package]]
name = "urllib3"
version = "1.26.12"
description = "HTTP library with thread-safe connection pooling, file post, and more."
category = "main"
optional = false
python-versions = ">=2.7, !=3.0.*, !=3.1.*, !=3.2.*, !=3.3.*, !=3.4.*, !=3.5.*, <4"

[package.extras]
brotli = ["brotli (>=1.0.9)", "brotlicffi (>=0.8.0)", "brotlipy (>=0.6.0)"]
secure = ["certifi", "cryptography (>=1.3.4)", "idna (>=2.0.0)", "ipaddress", "pyOpenSSL (>=0.14)", "urllib3-secure-extra"]
socks = ["PySocks (>=1.5.6,!=1.5.7,<2.0)"]

[[package]]
name = "virtualenv"
version = "20.16.5"
description = "Virtual Python Environment builder"
category = "main"
optional = false
python-versions = ">=3.6"

[package.dependencies]
distlib = ">=0.3.5,<1"
filelock = ">=3.4.1,<4"
platformdirs = ">=2.4,<3"

[package.extras]
docs = ["proselint (>=0.13)", "sphinx (>=5.1.1)", "sphinx-argparse (>=0.3.1)", "sphinx-rtd-theme (>=1)", "towncrier (>=21.9)"]
testing = ["coverage (>=6.2)", "coverage-enable-subprocess (>=1)", "flaky (>=3.7)", "packaging (>=21.3)", "pytest (>=7.0.1)", "pytest-env (>=0.6.2)", "pytest-freezegun (>=0.4.2)", "pytest-mock (>=3.6.1)", "pytest-randomly (>=3.10.3)", "pytest-timeout (>=2.1)"]

[[package]]
name = "wcwidth"
version = "0.2.5"
description = "Measures the displayed width of unicode strings in a terminal"
category = "main"
optional = false
python-versions = "*"

[metadata]
lock-version = "1.1"
python-versions = "^3.8"
content-hash = "0ce878187734f164b027f9c800ef1083239de583b1ab6633e89823d7ef9093dd"

[metadata.files]
arrow = [
    {file = "arrow-1.2.3-py3-none-any.whl", hash = "sha256:5a49ab92e3b7b71d96cd6bfcc4df14efefc9dfa96ea19045815914a6ab6b1fe2"},
    {file = "arrow-1.2.3.tar.gz", hash = "sha256:3934b30ca1b9f292376d9db15b19446088d12ec58629bc3f0da28fd55fb633a1"},
]
atomicwrites = [
    {file = "atomicwrites-1.4.1.tar.gz", hash = "sha256:81b2c9071a49367a7f770170e5eec8cb66567cfbbc8c73d20ce5ca4a8d71cf11"},
]
attrs = [
    {file = "attrs-22.1.0-py2.py3-none-any.whl", hash = "sha256:86efa402f67bf2df34f51a335487cf46b1ec130d02b8d39fd248abfd30da551c"},
    {file = "attrs-22.1.0.tar.gz", hash = "sha256:29adc2665447e5191d0e7c568fde78b21f9672d344281d0c6e1ab085429b22b6"},
]
binaryornot = [
    {file = "binaryornot-0.4.4-py2.py3-none-any.whl", hash = "sha256:b8b71173c917bddcd2c16070412e369c3ed7f0528926f70cac18a6c97fd563e4"},
    {file = "binaryornot-0.4.4.tar.gz", hash = "sha256:359501dfc9d40632edc9fac890e19542db1a287bbcfa58175b66658392018061"},
]
certifi = [
    {file = "certifi-2022.9.24-py3-none-any.whl", hash = "sha256:90c1a32f1d68f940488354e36370f6cca89f0f106db09518524c88d6ed83f382"},
    {file = "certifi-2022.9.24.tar.gz", hash = "sha256:0d9c601124e5a6ba9712dbc60d9c53c21e34f5f641fe83002317394311bdce14"},
]
cfgv = [
    {file = "cfgv-3.3.1-py2.py3-none-any.whl", hash = "sha256:c6a0883f3917a037485059700b9e75da2464e6c27051014ad85ba6aaa5884426"},
    {file = "cfgv-3.3.1.tar.gz", hash = "sha256:f5a830efb9ce7a445376bb66ec94c638a9787422f96264c98edc6bdeed8ab736"},
]
chardet = [
    {file = "chardet-5.0.0-py3-none-any.whl", hash = "sha256:d3e64f022d254183001eccc5db4040520c0f23b1a3f33d6413e099eb7f126557"},
    {file = "chardet-5.0.0.tar.gz", hash = "sha256:0368df2bfd78b5fc20572bb4e9bb7fb53e2c094f60ae9993339e8671d0afb8aa"},
]
charset-normalizer = [
    {file = "charset-normalizer-2.1.1.tar.gz", hash = "sha256:5a3d016c7c547f69d6f81fb0db9449ce888b418b5b9952cc5e6e66843e9dd845"},
    {file = "charset_normalizer-2.1.1-py3-none-any.whl", hash = "sha256:83e9a75d1911279afd89352c68b45348559d1fc0506b054b346651b5e7fee29f"},
]
click = [
    {file = "click-8.1.3-py3-none-any.whl", hash = "sha256:bb4d8133cb15a609f44e8213d9b391b0809795062913b383c62be0ee95b1db48"},
    {file = "click-8.1.3.tar.gz", hash = "sha256:7682dc8afb30297001674575ea00d1814d808d6a36af415a82bd481d37ba7b8e"},
]
colorama = [
    {file = "colorama-0.4.5-py2.py3-none-any.whl", hash = "sha256:854bf444933e37f5824ae7bfc1e98d5bce2ebe4160d46b5edf346a89358e99da"},
    {file = "colorama-0.4.5.tar.gz", hash = "sha256:e6c6b4334fc50988a639d9b98aa429a0b57da6e17b9a44f0451f930b6967b7a4"},
]
cookiecutter = [
    {file = "cookiecutter-1.7.3-py2.py3-none-any.whl", hash = "sha256:f8671531fa96ab14339d0c59b4f662a4f12a2ecacd94a0f70a3500843da588e2"},
    {file = "cookiecutter-1.7.3.tar.gz", hash = "sha256:6b9a4d72882e243be077a7397d0f1f76fe66cf3df91f3115dbb5330e214fa457"},
]
distlib = [
    {file = "distlib-0.3.6-py2.py3-none-any.whl", hash = "sha256:f35c4b692542ca110de7ef0bea44d73981caeb34ca0b9b6b2e6d7790dda8f80e"},
    {file = "distlib-0.3.6.tar.gz", hash = "sha256:14bad2d9b04d3a36127ac97f30b12a19268f211063d8f8ee4f47108896e11b46"},
]
execnet = [
    {file = "execnet-1.9.0-py2.py3-none-any.whl", hash = "sha256:a295f7cc774947aac58dde7fdc85f4aa00c42adf5d8f5468fc630c1acf30a142"},
    {file = "execnet-1.9.0.tar.gz", hash = "sha256:8f694f3ba9cc92cab508b152dcfe322153975c29bda272e2fd7f3f00f36e47c5"},
]
Faker = [
    {file = "Faker-8.16.0-py3-none-any.whl", hash = "sha256:bb10913b9d3ac2aa37180f816c82040e81f9e0c32cb08445533f293cec8930bf"},
    {file = "Faker-8.16.0.tar.gz", hash = "sha256:d70b375d0af0e4c3abd594003691a1055a96281a414884e623d27bccc7d781da"},
]
filelock = [
    {file = "filelock-3.8.0-py3-none-any.whl", hash = "sha256:617eb4e5eedc82fc5f47b6d61e4d11cb837c56cb4544e39081099fa17ad109d4"},
    {file = "filelock-3.8.0.tar.gz", hash = "sha256:55447caa666f2198c5b6b13a26d2084d26fa5b115c00d065664b2124680c4edc"},
]
identify = [
    {file = "identify-2.5.5-py2.py3-none-any.whl", hash = "sha256:ef78c0d96098a3b5fe7720be4a97e73f439af7cf088ebf47b620aeaa10fadf97"},
    {file = "identify-2.5.5.tar.gz", hash = "sha256:322a5699daecf7c6fd60e68852f36f2ecbb6a36ff6e6e973e0d2bb6fca203ee6"},
]
idna = [
    {file = "idna-3.4-py3-none-any.whl", hash = "sha256:90b77e79eaa3eba6de819a0c442c0b4ceefc341a7a2ab77d7562bf49f425c5c2"},
    {file = "idna-3.4.tar.gz", hash = "sha256:814f528e8dead7d329833b91c5faa87d60bf71824cd12a7530b5526063d02cb4"},
]
iniconfig = [
    {file = "iniconfig-1.1.1-py2.py3-none-any.whl", hash = "sha256:011e24c64b7f47f6ebd835bb12a743f2fbe9a26d4cecaa7f53bc4f35ee9da8b3"},
    {file = "iniconfig-1.1.1.tar.gz", hash = "sha256:bc3af051d7d14b2ee5ef9969666def0cd1a000e121eaea580d4a313df4b37f32"},
]
Jinja2 = [
    {file = "Jinja2-3.1.2-py3-none-any.whl", hash = "sha256:6088930bfe239f0e6710546ab9c19c9ef35e29792895fed6e6e31a023a182a61"},
    {file = "Jinja2-3.1.2.tar.gz", hash = "sha256:31351a702a408a9e7595a8fc6150fc3f43bb6bf7e319770cbc0db9df9437e852"},
]
jinja2-time = [
    {file = "jinja2-time-0.2.0.tar.gz", hash = "sha256:d14eaa4d315e7688daa4969f616f226614350c48730bfa1692d2caebd8c90d40"},
    {file = "jinja2_time-0.2.0-py2.py3-none-any.whl", hash = "sha256:d3eab6605e3ec8b7a0863df09cc1d23714908fa61aa6986a845c20ba488b4efa"},
]
MarkupSafe = [
    {file = "MarkupSafe-2.1.1-cp310-cp310-macosx_10_9_universal2.whl", hash = "sha256:86b1f75c4e7c2ac2ccdaec2b9022845dbb81880ca318bb7a0a01fbf7813e3812"},
    {file = "MarkupSafe-2.1.1-cp310-cp310-macosx_10_9_x86_64.whl", hash = "sha256:f121a1420d4e173a5d96e47e9a0c0dcff965afdf1626d28de1460815f7c4ee7a"},
    {file = "MarkupSafe-2.1.1-cp310-cp310-manylinux_2_17_aarch64.manylinux2014_aarch64.whl", hash = "sha256:a49907dd8420c5685cfa064a1335b6754b74541bbb3706c259c02ed65b644b3e"},
    {file = "MarkupSafe-2.1.1-cp310-cp310-manylinux_2_17_x86_64.manylinux2014_x86_64.whl", hash = "sha256:10c1bfff05d95783da83491be968e8fe789263689c02724e0c691933c52994f5"},
    {file = "MarkupSafe-2.1.1-cp310-cp310-manylinux_2_5_i686.manylinux1_i686.manylinux_2_17_i686.manylinux2014_i686.whl", hash = "sha256:b7bd98b796e2b6553da7225aeb61f447f80a1ca64f41d83612e6139ca5213aa4"},
    {file = "MarkupSafe-2.1.1-cp310-cp310-musllinux_1_1_aarch64.whl", hash = "sha256:b09bf97215625a311f669476f44b8b318b075847b49316d3e28c08e41a7a573f"},
    {file = "MarkupSafe-2.1.1-cp310-cp310-musllinux_1_1_i686.whl", hash = "sha256:694deca8d702d5db21ec83983ce0bb4b26a578e71fbdbd4fdcd387daa90e4d5e"},
    {file = "MarkupSafe-2.1.1-cp310-cp310-musllinux_1_1_x86_64.whl", hash = "sha256:efc1913fd2ca4f334418481c7e595c00aad186563bbc1ec76067848c7ca0a933"},
    {file = "MarkupSafe-2.1.1-cp310-cp310-win32.whl", hash = "sha256:4a33dea2b688b3190ee12bd7cfa29d39c9ed176bda40bfa11099a3ce5d3a7ac6"},
    {file = "MarkupSafe-2.1.1-cp310-cp310-win_amd64.whl", hash = "sha256:dda30ba7e87fbbb7eab1ec9f58678558fd9a6b8b853530e176eabd064da81417"},
    {file = "MarkupSafe-2.1.1-cp37-cp37m-macosx_10_9_x86_64.whl", hash = "sha256:671cd1187ed5e62818414afe79ed29da836dde67166a9fac6d435873c44fdd02"},
    {file = "MarkupSafe-2.1.1-cp37-cp37m-manylinux_2_17_aarch64.manylinux2014_aarch64.whl", hash = "sha256:3799351e2336dc91ea70b034983ee71cf2f9533cdff7c14c90ea126bfd95d65a"},
    {file = "MarkupSafe-2.1.1-cp37-cp37m-manylinux_2_17_x86_64.manylinux2014_x86_64.whl", hash = "sha256:e72591e9ecd94d7feb70c1cbd7be7b3ebea3f548870aa91e2732960fa4d57a37"},
    {file = "MarkupSafe-2.1.1-cp37-cp37m-manylinux_2_5_i686.manylinux1_i686.manylinux_2_17_i686.manylinux2014_i686.whl", hash = "sha256:6fbf47b5d3728c6aea2abb0589b5d30459e369baa772e0f37a0320185e87c980"},
    {file = "MarkupSafe-2.1.1-cp37-cp37m-musllinux_1_1_aarch64.whl", hash = "sha256:d5ee4f386140395a2c818d149221149c54849dfcfcb9f1debfe07a8b8bd63f9a"},
    {file = "MarkupSafe-2.1.1-cp37-cp37m-musllinux_1_1_i686.whl", hash = "sha256:bcb3ed405ed3222f9904899563d6fc492ff75cce56cba05e32eff40e6acbeaa3"},
    {file = "MarkupSafe-2.1.1-cp37-cp37m-musllinux_1_1_x86_64.whl", hash = "sha256:e1c0b87e09fa55a220f058d1d49d3fb8df88fbfab58558f1198e08c1e1de842a"},
    {file = "MarkupSafe-2.1.1-cp37-cp37m-win32.whl", hash = "sha256:8dc1c72a69aa7e082593c4a203dcf94ddb74bb5c8a731e4e1eb68d031e8498ff"},
    {file = "MarkupSafe-2.1.1-cp37-cp37m-win_amd64.whl", hash = "sha256:97a68e6ada378df82bc9f16b800ab77cbf4b2fada0081794318520138c088e4a"},
    {file = "MarkupSafe-2.1.1-cp38-cp38-macosx_10_9_universal2.whl", hash = "sha256:e8c843bbcda3a2f1e3c2ab25913c80a3c5376cd00c6e8c4a86a89a28c8dc5452"},
    {file = "MarkupSafe-2.1.1-cp38-cp38-macosx_10_9_x86_64.whl", hash = "sha256:0212a68688482dc52b2d45013df70d169f542b7394fc744c02a57374a4207003"},
    {file = "MarkupSafe-2.1.1-cp38-cp38-manylinux_2_17_aarch64.manylinux2014_aarch64.whl", hash = "sha256:8e576a51ad59e4bfaac456023a78f6b5e6e7651dcd383bcc3e18d06f9b55d6d1"},
    {file = "MarkupSafe-2.1.1-cp38-cp38-manylinux_2_17_x86_64.manylinux2014_x86_64.whl", hash = "sha256:4b9fe39a2ccc108a4accc2676e77da025ce383c108593d65cc909add5c3bd601"},
    {file = "MarkupSafe-2.1.1-cp38-cp38-manylinux_2_5_i686.manylinux1_i686.manylinux_2_17_i686.manylinux2014_i686.whl", hash = "sha256:96e37a3dc86e80bf81758c152fe66dbf60ed5eca3d26305edf01892257049925"},
    {file = "MarkupSafe-2.1.1-cp38-cp38-musllinux_1_1_aarch64.whl", hash = "sha256:6d0072fea50feec76a4c418096652f2c3238eaa014b2f94aeb1d56a66b41403f"},
    {file = "MarkupSafe-2.1.1-cp38-cp38-musllinux_1_1_i686.whl", hash = "sha256:089cf3dbf0cd6c100f02945abeb18484bd1ee57a079aefd52cffd17fba910b88"},
    {file = "MarkupSafe-2.1.1-cp38-cp38-musllinux_1_1_x86_64.whl", hash = "sha256:6a074d34ee7a5ce3effbc526b7083ec9731bb3cbf921bbe1d3005d4d2bdb3a63"},
    {file = "MarkupSafe-2.1.1-cp38-cp38-win32.whl", hash = "sha256:421be9fbf0ffe9ffd7a378aafebbf6f4602d564d34be190fc19a193232fd12b1"},
    {file = "MarkupSafe-2.1.1-cp38-cp38-win_amd64.whl", hash = "sha256:fc7b548b17d238737688817ab67deebb30e8073c95749d55538ed473130ec0c7"},
    {file = "MarkupSafe-2.1.1-cp39-cp39-macosx_10_9_universal2.whl", hash = "sha256:e04e26803c9c3851c931eac40c695602c6295b8d432cbe78609649ad9bd2da8a"},
    {file = "MarkupSafe-2.1.1-cp39-cp39-macosx_10_9_x86_64.whl", hash = "sha256:b87db4360013327109564f0e591bd2a3b318547bcef31b468a92ee504d07ae4f"},
    {file = "MarkupSafe-2.1.1-cp39-cp39-manylinux_2_17_aarch64.manylinux2014_aarch64.whl", hash = "sha256:99a2a507ed3ac881b975a2976d59f38c19386d128e7a9a18b7df6fff1fd4c1d6"},
    {file = "MarkupSafe-2.1.1-cp39-cp39-manylinux_2_17_x86_64.manylinux2014_x86_64.whl", hash = "sha256:56442863ed2b06d19c37f94d999035e15ee982988920e12a5b4ba29b62ad1f77"},
    {file = "MarkupSafe-2.1.1-cp39-cp39-manylinux_2_5_i686.manylinux1_i686.manylinux_2_17_i686.manylinux2014_i686.whl", hash = "sha256:3ce11ee3f23f79dbd06fb3d63e2f6af7b12db1d46932fe7bd8afa259a5996603"},
    {file = "MarkupSafe-2.1.1-cp39-cp39-musllinux_1_1_aarch64.whl", hash = "sha256:33b74d289bd2f5e527beadcaa3f401e0df0a89927c1559c8566c066fa4248ab7"},
    {file = "MarkupSafe-2.1.1-cp39-cp39-musllinux_1_1_i686.whl", hash = "sha256:43093fb83d8343aac0b1baa75516da6092f58f41200907ef92448ecab8825135"},
    {file = "MarkupSafe-2.1.1-cp39-cp39-musllinux_1_1_x86_64.whl", hash = "sha256:8e3dcf21f367459434c18e71b2a9532d96547aef8a871872a5bd69a715c15f96"},
    {file = "MarkupSafe-2.1.1-cp39-cp39-win32.whl", hash = "sha256:d4306c36ca495956b6d568d276ac11fdd9c30a36f1b6eb928070dc5360b22e1c"},
    {file = "MarkupSafe-2.1.1-cp39-cp39-win_amd64.whl", hash = "sha256:46d00d6cfecdde84d40e572d63735ef81423ad31184100411e6e3388d405e247"},
    {file = "MarkupSafe-2.1.1.tar.gz", hash = "sha256:7f91197cc9e48f989d12e4e6fbc46495c446636dfc81b9ccf50bb0ec74b91d4b"},
]
nodeenv = [
    {file = "nodeenv-1.7.0-py2.py3-none-any.whl", hash = "sha256:27083a7b96a25f2f5e1d8cb4b6317ee8aeda3bdd121394e5ac54e498028a042e"},
    {file = "nodeenv-1.7.0.tar.gz", hash = "sha256:e0e7f7dfb85fc5394c6fe1e8fa98131a2473e04311a45afb6508f7cf1836fa2b"},
]
packaging = [
    {file = "packaging-21.3-py3-none-any.whl", hash = "sha256:ef103e05f519cdc783ae24ea4e2e0f508a9c99b2d4969652eed6a2e1ea5bd522"},
    {file = "packaging-21.3.tar.gz", hash = "sha256:dd47c42927d89ab911e606518907cc2d3a1f38bbd026385970643f9c5b8ecfeb"},
]
platformdirs = [
    {file = "platformdirs-2.5.2-py3-none-any.whl", hash = "sha256:027d8e83a2d7de06bbac4e5ef7e023c02b863d7ea5d079477e722bb41ab25788"},
    {file = "platformdirs-2.5.2.tar.gz", hash = "sha256:58c8abb07dcb441e6ee4b11d8df0ac856038f944ab98b7be6b27b2a3c7feef19"},
]
pluggy = [
    {file = "pluggy-1.0.0-py2.py3-none-any.whl", hash = "sha256:74134bbf457f031a36d68416e1509f34bd5ccc019f0bcc952c7b909d06b37bd3"},
    {file = "pluggy-1.0.0.tar.gz", hash = "sha256:4224373bacce55f955a878bf9cfa763c1e360858e330072059e10bad68531159"},
]
poyo = [
    {file = "poyo-0.5.0-py2.py3-none-any.whl", hash = "sha256:3e2ca8e33fdc3c411cd101ca395668395dd5dc7ac775b8e809e3def9f9fe041a"},
    {file = "poyo-0.5.0.tar.gz", hash = "sha256:e26956aa780c45f011ca9886f044590e2d8fd8b61db7b1c1cf4e0869f48ed4dd"},
]
pre-commit = [
    {file = "pre_commit-2.20.0-py2.py3-none-any.whl", hash = "sha256:51a5ba7c480ae8072ecdb6933df22d2f812dc897d5fe848778116129a681aac7"},
    {file = "pre_commit-2.20.0.tar.gz", hash = "sha256:a978dac7bc9ec0bcee55c18a277d553b0f419d259dadb4b9418ff2d00eb43959"},
]
prompt-toolkit = [
    {file = "prompt_toolkit-3.0.31-py3-none-any.whl", hash = "sha256:9696f386133df0fc8ca5af4895afe5d78f5fcfe5258111c2a79a1c3e41ffa96d"},
    {file = "prompt_toolkit-3.0.31.tar.gz", hash = "sha256:9ada952c9d1787f52ff6d5f3484d0b4df8952787c087edf6a1f7c2cb1ea88148"},
]
psutil = [
    {file = "psutil-5.9.2-cp27-cp27m-manylinux2010_i686.whl", hash = "sha256:8f024fbb26c8daf5d70287bb3edfafa22283c255287cf523c5d81721e8e5d82c"},
    {file = "psutil-5.9.2-cp27-cp27m-manylinux2010_x86_64.whl", hash = "sha256:b2f248ffc346f4f4f0d747ee1947963613216b06688be0be2e393986fe20dbbb"},
    {file = "psutil-5.9.2-cp27-cp27m-win32.whl", hash = "sha256:b1928b9bf478d31fdffdb57101d18f9b70ed4e9b0e41af751851813547b2a9ab"},
    {file = "psutil-5.9.2-cp27-cp27m-win_amd64.whl", hash = "sha256:404f4816c16a2fcc4eaa36d7eb49a66df2d083e829d3e39ee8759a411dbc9ecf"},
    {file = "psutil-5.9.2-cp27-cp27mu-manylinux2010_i686.whl", hash = "sha256:94e621c6a4ddb2573d4d30cba074f6d1aa0186645917df42c811c473dd22b339"},
    {file = "psutil-5.9.2-cp27-cp27mu-manylinux2010_x86_64.whl", hash = "sha256:256098b4f6ffea6441eb54ab3eb64db9ecef18f6a80d7ba91549195d55420f84"},
    {file = "psutil-5.9.2-cp310-cp310-macosx_10_9_x86_64.whl", hash = "sha256:614337922702e9be37a39954d67fdb9e855981624d8011a9927b8f2d3c9625d9"},
    {file = "psutil-5.9.2-cp310-cp310-manylinux_2_12_i686.manylinux2010_i686.manylinux_2_17_i686.manylinux2014_i686.whl", hash = "sha256:39ec06dc6c934fb53df10c1672e299145ce609ff0611b569e75a88f313634969"},
    {file = "psutil-5.9.2-cp310-cp310-manylinux_2_12_x86_64.manylinux2010_x86_64.manylinux_2_17_x86_64.manylinux2014_x86_64.whl", hash = "sha256:e3ac2c0375ef498e74b9b4ec56df3c88be43fe56cac465627572dbfb21c4be34"},
    {file = "psutil-5.9.2-cp310-cp310-win32.whl", hash = "sha256:e4c4a7636ffc47b7141864f1c5e7d649f42c54e49da2dd3cceb1c5f5d29bfc85"},
    {file = "psutil-5.9.2-cp310-cp310-win_amd64.whl", hash = "sha256:f4cb67215c10d4657e320037109939b1c1d2fd70ca3d76301992f89fe2edb1f1"},
    {file = "psutil-5.9.2-cp36-cp36m-macosx_10_9_x86_64.whl", hash = "sha256:dc9bda7d5ced744622f157cc8d8bdd51735dafcecff807e928ff26bdb0ff097d"},
    {file = "psutil-5.9.2-cp36-cp36m-manylinux_2_12_i686.manylinux2010_i686.manylinux_2_17_i686.manylinux2014_i686.whl", hash = "sha256:d75291912b945a7351d45df682f9644540d564d62115d4a20d45fa17dc2d48f8"},
    {file = "psutil-5.9.2-cp36-cp36m-manylinux_2_12_x86_64.manylinux2010_x86_64.manylinux_2_17_x86_64.manylinux2014_x86_64.whl", hash = "sha256:b4018d5f9b6651f9896c7a7c2c9f4652e4eea53f10751c4e7d08a9093ab587ec"},
    {file = "psutil-5.9.2-cp36-cp36m-win32.whl", hash = "sha256:f40ba362fefc11d6bea4403f070078d60053ed422255bd838cd86a40674364c9"},
    {file = "psutil-5.9.2-cp36-cp36m-win_amd64.whl", hash = "sha256:9770c1d25aee91417eba7869139d629d6328a9422ce1cdd112bd56377ca98444"},
    {file = "psutil-5.9.2-cp37-cp37m-macosx_10_9_x86_64.whl", hash = "sha256:42638876b7f5ef43cef8dcf640d3401b27a51ee3fa137cb2aa2e72e188414c32"},
    {file = "psutil-5.9.2-cp37-cp37m-manylinux_2_12_i686.manylinux2010_i686.manylinux_2_17_i686.manylinux2014_i686.whl", hash = "sha256:91aa0dac0c64688667b4285fa29354acfb3e834e1fd98b535b9986c883c2ce1d"},
    {file = "psutil-5.9.2-cp37-cp37m-manylinux_2_12_x86_64.manylinux2010_x86_64.manylinux_2_17_x86_64.manylinux2014_x86_64.whl", hash = "sha256:4fb54941aac044a61db9d8eb56fc5bee207db3bc58645d657249030e15ba3727"},
    {file = "psutil-5.9.2-cp37-cp37m-win32.whl", hash = "sha256:7cbb795dcd8ed8fd238bc9e9f64ab188f3f4096d2e811b5a82da53d164b84c3f"},
    {file = "psutil-5.9.2-cp37-cp37m-win_amd64.whl", hash = "sha256:5d39e3a2d5c40efa977c9a8dd4f679763c43c6c255b1340a56489955dbca767c"},
    {file = "psutil-5.9.2-cp38-cp38-macosx_10_9_x86_64.whl", hash = "sha256:fd331866628d18223a4265371fd255774affd86244fc307ef66eaf00de0633d5"},
    {file = "psutil-5.9.2-cp38-cp38-manylinux_2_12_i686.manylinux2010_i686.manylinux_2_17_i686.manylinux2014_i686.whl", hash = "sha256:b315febaebae813326296872fdb4be92ad3ce10d1d742a6b0c49fb619481ed0b"},
    {file = "psutil-5.9.2-cp38-cp38-manylinux_2_12_x86_64.manylinux2010_x86_64.manylinux_2_17_x86_64.manylinux2014_x86_64.whl", hash = "sha256:f7929a516125f62399d6e8e026129c8835f6c5a3aab88c3fff1a05ee8feb840d"},
    {file = "psutil-5.9.2-cp38-cp38-win32.whl", hash = "sha256:561dec454853846d1dd0247b44c2e66a0a0c490f937086930ec4b8f83bf44f06"},
    {file = "psutil-5.9.2-cp38-cp38-win_amd64.whl", hash = "sha256:67b33f27fc0427483b61563a16c90d9f3b547eeb7af0ef1b9fe024cdc9b3a6ea"},
    {file = "psutil-5.9.2-cp39-cp39-macosx_10_9_x86_64.whl", hash = "sha256:b3591616fa07b15050b2f87e1cdefd06a554382e72866fcc0ab2be9d116486c8"},
    {file = "psutil-5.9.2-cp39-cp39-manylinux_2_12_i686.manylinux2010_i686.manylinux_2_17_i686.manylinux2014_i686.whl", hash = "sha256:14b29f581b5edab1f133563272a6011925401804d52d603c5c606936b49c8b97"},
    {file = "psutil-5.9.2-cp39-cp39-manylinux_2_12_x86_64.manylinux2010_x86_64.manylinux_2_17_x86_64.manylinux2014_x86_64.whl", hash = "sha256:4642fd93785a29353d6917a23e2ac6177308ef5e8be5cc17008d885cb9f70f12"},
    {file = "psutil-5.9.2-cp39-cp39-win32.whl", hash = "sha256:ed29ea0b9a372c5188cdb2ad39f937900a10fb5478dc077283bf86eeac678ef1"},
    {file = "psutil-5.9.2-cp39-cp39-win_amd64.whl", hash = "sha256:68b35cbff92d1f7103d8f1db77c977e72f49fcefae3d3d2b91c76b0e7aef48b8"},
    {file = "psutil-5.9.2.tar.gz", hash = "sha256:feb861a10b6c3bb00701063b37e4afc754f8217f0f09c42280586bd6ac712b5c"},
]
py = [
    {file = "py-1.11.0-py2.py3-none-any.whl", hash = "sha256:607c53218732647dff4acdfcd50cb62615cedf612e72d1724fb1a0cc6405b378"},
    {file = "py-1.11.0.tar.gz", hash = "sha256:51c75c4126074b472f746a24399ad32f6053d1b34b68d2fa41e558e6f4a98719"},
]
pydantic = [
    {file = "pydantic-1.10.2-cp310-cp310-macosx_10_9_x86_64.whl", hash = "sha256:bb6ad4489af1bac6955d38ebcb95079a836af31e4c4f74aba1ca05bb9f6027bd"},
    {file = "pydantic-1.10.2-cp310-cp310-macosx_11_0_arm64.whl", hash = "sha256:a1f5a63a6dfe19d719b1b6e6106561869d2efaca6167f84f5ab9347887d78b98"},
    {file = "pydantic-1.10.2-cp310-cp310-manylinux_2_17_x86_64.manylinux2014_x86_64.whl", hash = "sha256:352aedb1d71b8b0736c6d56ad2bd34c6982720644b0624462059ab29bd6e5912"},
    {file = "pydantic-1.10.2-cp310-cp310-manylinux_2_5_i686.manylinux1_i686.manylinux_2_17_i686.manylinux2014_i686.whl", hash = "sha256:19b3b9ccf97af2b7519c42032441a891a5e05c68368f40865a90eb88833c2559"},
    {file = "pydantic-1.10.2-cp310-cp310-musllinux_1_1_i686.whl", hash = "sha256:e9069e1b01525a96e6ff49e25876d90d5a563bc31c658289a8772ae186552236"},
    {file = "pydantic-1.10.2-cp310-cp310-musllinux_1_1_x86_64.whl", hash = "sha256:355639d9afc76bcb9b0c3000ddcd08472ae75318a6eb67a15866b87e2efa168c"},
    {file = "pydantic-1.10.2-cp310-cp310-win_amd64.whl", hash = "sha256:ae544c47bec47a86bc7d350f965d8b15540e27e5aa4f55170ac6a75e5f73b644"},
    {file = "pydantic-1.10.2-cp311-cp311-macosx_10_9_x86_64.whl", hash = "sha256:a4c805731c33a8db4b6ace45ce440c4ef5336e712508b4d9e1aafa617dc9907f"},
    {file = "pydantic-1.10.2-cp311-cp311-macosx_11_0_arm64.whl", hash = "sha256:d49f3db871575e0426b12e2f32fdb25e579dea16486a26e5a0474af87cb1ab0a"},
    {file = "pydantic-1.10.2-cp311-cp311-manylinux_2_17_x86_64.manylinux2014_x86_64.whl", hash = "sha256:37c90345ec7dd2f1bcef82ce49b6235b40f282b94d3eec47e801baf864d15525"},
    {file = "pydantic-1.10.2-cp311-cp311-manylinux_2_5_i686.manylinux1_i686.manylinux_2_17_i686.manylinux2014_i686.whl", hash = "sha256:7b5ba54d026c2bd2cb769d3468885f23f43710f651688e91f5fb1edcf0ee9283"},
    {file = "pydantic-1.10.2-cp311-cp311-musllinux_1_1_i686.whl", hash = "sha256:05e00dbebbe810b33c7a7362f231893183bcc4251f3f2ff991c31d5c08240c42"},
    {file = "pydantic-1.10.2-cp311-cp311-musllinux_1_1_x86_64.whl", hash = "sha256:2d0567e60eb01bccda3a4df01df677adf6b437958d35c12a3ac3e0f078b0ee52"},
    {file = "pydantic-1.10.2-cp311-cp311-win_amd64.whl", hash = "sha256:c6f981882aea41e021f72779ce2a4e87267458cc4d39ea990729e21ef18f0f8c"},
    {file = "pydantic-1.10.2-cp37-cp37m-macosx_10_9_x86_64.whl", hash = "sha256:c4aac8e7103bf598373208f6299fa9a5cfd1fc571f2d40bf1dd1955a63d6eeb5"},
    {file = "pydantic-1.10.2-cp37-cp37m-manylinux_2_17_x86_64.manylinux2014_x86_64.whl", hash = "sha256:81a7b66c3f499108b448f3f004801fcd7d7165fb4200acb03f1c2402da73ce4c"},
    {file = "pydantic-1.10.2-cp37-cp37m-manylinux_2_5_i686.manylinux1_i686.manylinux_2_17_i686.manylinux2014_i686.whl", hash = "sha256:bedf309630209e78582ffacda64a21f96f3ed2e51fbf3962d4d488e503420254"},
    {file = "pydantic-1.10.2-cp37-cp37m-musllinux_1_1_i686.whl", hash = "sha256:9300fcbebf85f6339a02c6994b2eb3ff1b9c8c14f502058b5bf349d42447dcf5"},
    {file = "pydantic-1.10.2-cp37-cp37m-musllinux_1_1_x86_64.whl", hash = "sha256:216f3bcbf19c726b1cc22b099dd409aa371f55c08800bcea4c44c8f74b73478d"},
    {file = "pydantic-1.10.2-cp37-cp37m-win_amd64.whl", hash = "sha256:dd3f9a40c16daf323cf913593083698caee97df2804aa36c4b3175d5ac1b92a2"},
    {file = "pydantic-1.10.2-cp38-cp38-macosx_10_9_x86_64.whl", hash = "sha256:b97890e56a694486f772d36efd2ba31612739bc6f3caeee50e9e7e3ebd2fdd13"},
    {file = "pydantic-1.10.2-cp38-cp38-macosx_11_0_arm64.whl", hash = "sha256:9cabf4a7f05a776e7793e72793cd92cc865ea0e83a819f9ae4ecccb1b8aa6116"},
    {file = "pydantic-1.10.2-cp38-cp38-manylinux_2_17_x86_64.manylinux2014_x86_64.whl", hash = "sha256:06094d18dd5e6f2bbf93efa54991c3240964bb663b87729ac340eb5014310624"},
    {file = "pydantic-1.10.2-cp38-cp38-manylinux_2_5_i686.manylinux1_i686.manylinux_2_17_i686.manylinux2014_i686.whl", hash = "sha256:cc78cc83110d2f275ec1970e7a831f4e371ee92405332ebfe9860a715f8336e1"},
    {file = "pydantic-1.10.2-cp38-cp38-musllinux_1_1_i686.whl", hash = "sha256:1ee433e274268a4b0c8fde7ad9d58ecba12b069a033ecc4645bb6303c062d2e9"},
    {file = "pydantic-1.10.2-cp38-cp38-musllinux_1_1_x86_64.whl", hash = "sha256:7c2abc4393dea97a4ccbb4ec7d8658d4e22c4765b7b9b9445588f16c71ad9965"},
    {file = "pydantic-1.10.2-cp38-cp38-win_amd64.whl", hash = "sha256:0b959f4d8211fc964772b595ebb25f7652da3f22322c007b6fed26846a40685e"},
    {file = "pydantic-1.10.2-cp39-cp39-macosx_10_9_x86_64.whl", hash = "sha256:c33602f93bfb67779f9c507e4d69451664524389546bacfe1bee13cae6dc7488"},
    {file = "pydantic-1.10.2-cp39-cp39-macosx_11_0_arm64.whl", hash = "sha256:5760e164b807a48a8f25f8aa1a6d857e6ce62e7ec83ea5d5c5a802eac81bad41"},
    {file = "pydantic-1.10.2-cp39-cp39-manylinux_2_17_x86_64.manylinux2014_x86_64.whl", hash = "sha256:6eb843dcc411b6a2237a694f5e1d649fc66c6064d02b204a7e9d194dff81eb4b"},
    {file = "pydantic-1.10.2-cp39-cp39-manylinux_2_5_i686.manylinux1_i686.manylinux_2_17_i686.manylinux2014_i686.whl", hash = "sha256:4b8795290deaae348c4eba0cebb196e1c6b98bdbe7f50b2d0d9a4a99716342fe"},
    {file = "pydantic-1.10.2-cp39-cp39-musllinux_1_1_i686.whl", hash = "sha256:e0bedafe4bc165ad0a56ac0bd7695df25c50f76961da29c050712596cf092d6d"},
    {file = "pydantic-1.10.2-cp39-cp39-musllinux_1_1_x86_64.whl", hash = "sha256:2e05aed07fa02231dbf03d0adb1be1d79cabb09025dd45aa094aa8b4e7b9dcda"},
    {file = "pydantic-1.10.2-cp39-cp39-win_amd64.whl", hash = "sha256:c1ba1afb396148bbc70e9eaa8c06c1716fdddabaf86e7027c5988bae2a829ab6"},
    {file = "pydantic-1.10.2-py3-none-any.whl", hash = "sha256:1b6ee725bd6e83ec78b1aa32c5b1fa67a3a65badddde3976bca5fe4568f27709"},
    {file = "pydantic-1.10.2.tar.gz", hash = "sha256:91b8e218852ef6007c2b98cd861601c6a09f1aa32bbbb74fab5b1c33d4a1e410"},
]
pyparsing = [
    {file = "pyparsing-3.0.9-py3-none-any.whl", hash = "sha256:5026bae9a10eeaefb61dab2f09052b9f4307d44aee4eda64b309723d8d206bbc"},
    {file = "pyparsing-3.0.9.tar.gz", hash = "sha256:2b020ecf7d21b687f219b71ecad3631f644a47f01403fa1d1036b0c6416d70fb"},
]
pytest = [
    {file = "pytest-6.2.5-py3-none-any.whl", hash = "sha256:7310f8d27bc79ced999e760ca304d69f6ba6c6649c0b60fb0e04a4a77cacc134"},
    {file = "pytest-6.2.5.tar.gz", hash = "sha256:131b36680866a76e6781d13f101efb86cf674ebb9762eb70d3082b6f29889e89"},
]
pytest-env = [
    {file = "pytest-env-0.6.2.tar.gz", hash = "sha256:7e94956aef7f2764f3c147d216ce066bf6c42948bb9e293169b1b1c880a580c2"},
]
pytest-forked = [
    {file = "pytest-forked-1.4.0.tar.gz", hash = "sha256:8b67587c8f98cbbadfdd804539ed5455b6ed03802203485dd2f53c1422d7440e"},
    {file = "pytest_forked-1.4.0-py3-none-any.whl", hash = "sha256:bbbb6717efc886b9d64537b41fb1497cfaf3c9601276be8da2cccfea5a3c8ad8"},
]
pytest-xdist = [
    {file = "pytest-xdist-2.5.0.tar.gz", hash = "sha256:4580deca3ff04ddb2ac53eba39d76cb5dd5edeac050cb6fbc768b0dd712b4edf"},
    {file = "pytest_xdist-2.5.0-py3-none-any.whl", hash = "sha256:6fe5c74fec98906deb8f2d2b616b5c782022744978e7bd4695d39c8f42d0ce65"},
]
python-dateutil = [
    {file = "python-dateutil-2.8.2.tar.gz", hash = "sha256:0123cacc1627ae19ddf3c27a5de5bd67ee4586fbdd6440d9748f8abb483d3e86"},
    {file = "python_dateutil-2.8.2-py2.py3-none-any.whl", hash = "sha256:961d03dc3453ebbc59dbdea9e4e11c5651520a876d0f4db161e8674aae935da9"},
]
python-slugify = [
    {file = "python-slugify-6.1.2.tar.gz", hash = "sha256:272d106cb31ab99b3496ba085e3fea0e9e76dcde967b5e9992500d1f785ce4e1"},
    {file = "python_slugify-6.1.2-py2.py3-none-any.whl", hash = "sha256:7b2c274c308b62f4269a9ba701aa69a797e9bca41aeee5b3a9e79e36b6656927"},
]
PyYAML = [
    {file = "PyYAML-6.0-cp310-cp310-macosx_10_9_x86_64.whl", hash = "sha256:d4db7c7aef085872ef65a8fd7d6d09a14ae91f691dec3e87ee5ee0539d516f53"},
    {file = "PyYAML-6.0-cp310-cp310-macosx_11_0_arm64.whl", hash = "sha256:9df7ed3b3d2e0ecfe09e14741b857df43adb5a3ddadc919a2d94fbdf78fea53c"},
    {file = "PyYAML-6.0-cp310-cp310-manylinux_2_17_aarch64.manylinux2014_aarch64.whl", hash = "sha256:77f396e6ef4c73fdc33a9157446466f1cff553d979bd00ecb64385760c6babdc"},
    {file = "PyYAML-6.0-cp310-cp310-manylinux_2_17_s390x.manylinux2014_s390x.whl", hash = "sha256:a80a78046a72361de73f8f395f1f1e49f956c6be882eed58505a15f3e430962b"},
    {file = "PyYAML-6.0-cp310-cp310-manylinux_2_5_x86_64.manylinux1_x86_64.manylinux_2_12_x86_64.manylinux2010_x86_64.whl", hash = "sha256:f84fbc98b019fef2ee9a1cb3ce93e3187a6df0b2538a651bfb890254ba9f90b5"},
    {file = "PyYAML-6.0-cp310-cp310-win32.whl", hash = "sha256:2cd5df3de48857ed0544b34e2d40e9fac445930039f3cfe4bcc592a1f836d513"},
    {file = "PyYAML-6.0-cp310-cp310-win_amd64.whl", hash = "sha256:daf496c58a8c52083df09b80c860005194014c3698698d1a57cbcfa182142a3a"},
    {file = "PyYAML-6.0-cp311-cp311-macosx_10_9_x86_64.whl", hash = "sha256:d4b0ba9512519522b118090257be113b9468d804b19d63c71dbcf4a48fa32358"},
    {file = "PyYAML-6.0-cp311-cp311-macosx_11_0_arm64.whl", hash = "sha256:81957921f441d50af23654aa6c5e5eaf9b06aba7f0a19c18a538dc7ef291c5a1"},
    {file = "PyYAML-6.0-cp311-cp311-manylinux_2_17_aarch64.manylinux2014_aarch64.whl", hash = "sha256:afa17f5bc4d1b10afd4466fd3a44dc0e245382deca5b3c353d8b757f9e3ecb8d"},
    {file = "PyYAML-6.0-cp311-cp311-manylinux_2_17_s390x.manylinux2014_s390x.whl", hash = "sha256:dbad0e9d368bb989f4515da330b88a057617d16b6a8245084f1b05400f24609f"},
    {file = "PyYAML-6.0-cp311-cp311-manylinux_2_17_x86_64.manylinux2014_x86_64.whl", hash = "sha256:432557aa2c09802be39460360ddffd48156e30721f5e8d917f01d31694216782"},
    {file = "PyYAML-6.0-cp311-cp311-win32.whl", hash = "sha256:bfaef573a63ba8923503d27530362590ff4f576c626d86a9fed95822a8255fd7"},
    {file = "PyYAML-6.0-cp311-cp311-win_amd64.whl", hash = "sha256:01b45c0191e6d66c470b6cf1b9531a771a83c1c4208272ead47a3ae4f2f603bf"},
    {file = "PyYAML-6.0-cp36-cp36m-macosx_10_9_x86_64.whl", hash = "sha256:897b80890765f037df3403d22bab41627ca8811ae55e9a722fd0392850ec4d86"},
    {file = "PyYAML-6.0-cp36-cp36m-manylinux_2_17_aarch64.manylinux2014_aarch64.whl", hash = "sha256:50602afada6d6cbfad699b0c7bb50d5ccffa7e46a3d738092afddc1f9758427f"},
    {file = "PyYAML-6.0-cp36-cp36m-manylinux_2_17_s390x.manylinux2014_s390x.whl", hash = "sha256:48c346915c114f5fdb3ead70312bd042a953a8ce5c7106d5bfb1a5254e47da92"},
    {file = "PyYAML-6.0-cp36-cp36m-manylinux_2_5_x86_64.manylinux1_x86_64.manylinux_2_12_x86_64.manylinux2010_x86_64.whl", hash = "sha256:98c4d36e99714e55cfbaaee6dd5badbc9a1ec339ebfc3b1f52e293aee6bb71a4"},
    {file = "PyYAML-6.0-cp36-cp36m-win32.whl", hash = "sha256:0283c35a6a9fbf047493e3a0ce8d79ef5030852c51e9d911a27badfde0605293"},
    {file = "PyYAML-6.0-cp36-cp36m-win_amd64.whl", hash = "sha256:07751360502caac1c067a8132d150cf3d61339af5691fe9e87803040dbc5db57"},
    {file = "PyYAML-6.0-cp37-cp37m-macosx_10_9_x86_64.whl", hash = "sha256:819b3830a1543db06c4d4b865e70ded25be52a2e0631ccd2f6a47a2822f2fd7c"},
    {file = "PyYAML-6.0-cp37-cp37m-manylinux_2_17_aarch64.manylinux2014_aarch64.whl", hash = "sha256:473f9edb243cb1935ab5a084eb238d842fb8f404ed2193a915d1784b5a6b5fc0"},
    {file = "PyYAML-6.0-cp37-cp37m-manylinux_2_17_s390x.manylinux2014_s390x.whl", hash = "sha256:0ce82d761c532fe4ec3f87fc45688bdd3a4c1dc5e0b4a19814b9009a29baefd4"},
    {file = "PyYAML-6.0-cp37-cp37m-manylinux_2_5_x86_64.manylinux1_x86_64.manylinux_2_12_x86_64.manylinux2010_x86_64.whl", hash = "sha256:231710d57adfd809ef5d34183b8ed1eeae3f76459c18fb4a0b373ad56bedcdd9"},
    {file = "PyYAML-6.0-cp37-cp37m-win32.whl", hash = "sha256:c5687b8d43cf58545ade1fe3e055f70eac7a5a1a0bf42824308d868289a95737"},
    {file = "PyYAML-6.0-cp37-cp37m-win_amd64.whl", hash = "sha256:d15a181d1ecd0d4270dc32edb46f7cb7733c7c508857278d3d378d14d606db2d"},
    {file = "PyYAML-6.0-cp38-cp38-macosx_10_9_x86_64.whl", hash = "sha256:0b4624f379dab24d3725ffde76559cff63d9ec94e1736b556dacdfebe5ab6d4b"},
    {file = "PyYAML-6.0-cp38-cp38-manylinux_2_17_aarch64.manylinux2014_aarch64.whl", hash = "sha256:213c60cd50106436cc818accf5baa1aba61c0189ff610f64f4a3e8c6726218ba"},
    {file = "PyYAML-6.0-cp38-cp38-manylinux_2_17_s390x.manylinux2014_s390x.whl", hash = "sha256:9fa600030013c4de8165339db93d182b9431076eb98eb40ee068700c9c813e34"},
    {file = "PyYAML-6.0-cp38-cp38-manylinux_2_5_x86_64.manylinux1_x86_64.manylinux_2_12_x86_64.manylinux2010_x86_64.whl", hash = "sha256:277a0ef2981ca40581a47093e9e2d13b3f1fbbeffae064c1d21bfceba2030287"},
    {file = "PyYAML-6.0-cp38-cp38-win32.whl", hash = "sha256:d4eccecf9adf6fbcc6861a38015c2a64f38b9d94838ac1810a9023a0609e1b78"},
    {file = "PyYAML-6.0-cp38-cp38-win_amd64.whl", hash = "sha256:1e4747bc279b4f613a09eb64bba2ba602d8a6664c6ce6396a4d0cd413a50ce07"},
    {file = "PyYAML-6.0-cp39-cp39-macosx_10_9_x86_64.whl", hash = "sha256:055d937d65826939cb044fc8c9b08889e8c743fdc6a32b33e2390f66013e449b"},
    {file = "PyYAML-6.0-cp39-cp39-macosx_11_0_arm64.whl", hash = "sha256:e61ceaab6f49fb8bdfaa0f92c4b57bcfbea54c09277b1b4f7ac376bfb7a7c174"},
    {file = "PyYAML-6.0-cp39-cp39-manylinux_2_17_aarch64.manylinux2014_aarch64.whl", hash = "sha256:d67d839ede4ed1b28a4e8909735fc992a923cdb84e618544973d7dfc71540803"},
    {file = "PyYAML-6.0-cp39-cp39-manylinux_2_17_s390x.manylinux2014_s390x.whl", hash = "sha256:cba8c411ef271aa037d7357a2bc8f9ee8b58b9965831d9e51baf703280dc73d3"},
    {file = "PyYAML-6.0-cp39-cp39-manylinux_2_5_x86_64.manylinux1_x86_64.manylinux_2_12_x86_64.manylinux2010_x86_64.whl", hash = "sha256:40527857252b61eacd1d9af500c3337ba8deb8fc298940291486c465c8b46ec0"},
    {file = "PyYAML-6.0-cp39-cp39-win32.whl", hash = "sha256:b5b9eccad747aabaaffbc6064800670f0c297e52c12754eb1d976c57e4f74dcb"},
    {file = "PyYAML-6.0-cp39-cp39-win_amd64.whl", hash = "sha256:b3d267842bf12586ba6c734f89d1f5b871df0273157918b0ccefa29deb05c21c"},
    {file = "PyYAML-6.0.tar.gz", hash = "sha256:68fb519c14306fec9720a2a5b45bc9f0c8d1b9c72adf45c37baedfcd949c35a2"},
]
requests = [
    {file = "requests-2.28.1-py3-none-any.whl", hash = "sha256:8fefa2a1a1365bf5520aac41836fbee479da67864514bdb821f31ce07ce65349"},
    {file = "requests-2.28.1.tar.gz", hash = "sha256:7c5599b102feddaa661c826c56ab4fee28bfd17f5abca1ebbe3e7f19d7c97983"},
]
setuptools = [
    {file = "setuptools-65.4.1-py3-none-any.whl", hash = "sha256:1b6bdc6161661409c5f21508763dc63ab20a9ac2f8ba20029aaaa7fdb9118012"},
    {file = "setuptools-65.4.1.tar.gz", hash = "sha256:3050e338e5871e70c72983072fe34f6032ae1cdeeeb67338199c2f74e083a80e"},
]
six = [
    {file = "six-1.16.0-py2.py3-none-any.whl", hash = "sha256:8abb2f1d86890a2dfb989f9a77cfcfd3e47c2a354b01111771326f8aa26e0254"},
    {file = "six-1.16.0.tar.gz", hash = "sha256:1e61c37477a1626458e36f7b1d82aa5c9b094fa4802892072e49de9c60c4c926"},
]
termcolor = [
    {file = "termcolor-1.1.0.tar.gz", hash = "sha256:1d6d69ce66211143803fbc56652b41d73b4a400a2891d7bf7a1cdf4c02de613b"},
]
text-unidecode = [
    {file = "text-unidecode-1.3.tar.gz", hash = "sha256:bad6603bb14d279193107714b288be206cac565dfa49aa5b105294dd5c4aab93"},
    {file = "text_unidecode-1.3-py2.py3-none-any.whl", hash = "sha256:1311f10e8b895935241623731c2ba64f4c455287888b18189350b67134a822e8"},
]
toml = [
    {file = "toml-0.10.2-py2.py3-none-any.whl", hash = "sha256:806143ae5bfb6a3c6e736a764057db0e6a0e05e338b5630894a5f779cabb4f9b"},
    {file = "toml-0.10.2.tar.gz", hash = "sha256:b3bda1d108d5dd99f4a20d24d9c348e91c4db7ab1b749200bded2f839ccbe68f"},
]
typing-extensions = [
    {file = "typing_extensions-4.3.0-py3-none-any.whl", hash = "sha256:25642c956049920a5aa49edcdd6ab1e06d7e5d467fc00e0506c44ac86fbfca02"},
    {file = "typing_extensions-4.3.0.tar.gz", hash = "sha256:e6d2677a32f47fc7eb2795db1dd15c1f34eff616bcaf2cfb5e997f854fa1c4a6"},
]
urllib3 = [
    {file = "urllib3-1.26.12-py2.py3-none-any.whl", hash = "sha256:b930dd878d5a8afb066a637fbb35144fe7901e3b209d1cd4f524bd0e9deee997"},
    {file = "urllib3-1.26.12.tar.gz", hash = "sha256:3fa96cf423e6987997fc326ae8df396db2a8b7c667747d47ddd8ecba91f4a74e"},
]
virtualenv = [
    {file = "virtualenv-20.16.5-py3-none-any.whl", hash = "sha256:d07dfc5df5e4e0dbc92862350ad87a36ed505b978f6c39609dc489eadd5b0d27"},
    {file = "virtualenv-20.16.5.tar.gz", hash = "sha256:227ea1b9994fdc5ea31977ba3383ef296d7472ea85be9d6732e42a91c04e80da"},
]
wcwidth = [
    {file = "wcwidth-0.2.5-py2.py3-none-any.whl", hash = "sha256:beb4802a9cebb9144e99086eff703a642a13d6a0052920003a230f3294bbe784"},
    {file = "wcwidth-0.2.5.tar.gz", hash = "sha256:c4d647b99872929fdb7bdcaa4fbe7f01413ed3d98077df798530e5b04f116c83"},
]
